
Microsoft Visual Studio Solution File, Format Version 11.00
# Visual Studio 2010
Project("{FAE04EC0-301F-11D3-BF4B-00C04F79EFBC}") = "Assembly-CSharp", "Assembly-CSharp.csproj", "{DB722FAB-AF44-788C-E43F-BC8C7206FA5A}"
EndProject
Project("{FAE04EC0-301F-11D3-BF4B-00C04F79EFBC}") = "Assembly-CSharp-Editor", "Assembly-CSharp-Editor.csproj", "{360F1A6C-1F13-BF86-401A-55497F9BF563}"
EndProject
Project("{FAE04EC0-301F-11D3-BF4B-00C04F79EFBC}") = "VuforiaVersionCheckerScripts", "VuforiaVersionCheckerScripts.csproj", "{4E2929E3-B47F-0347-B591-FE904B8BBECD}"
EndProject
Global
	GlobalSection(SolutionConfigurationPlatforms) = preSolution
		Debug|Any CPU = Debug|Any CPU
		Release|Any CPU = Release|Any CPU
	EndGlobalSection
	GlobalSection(ProjectConfigurationPlatforms) = postSolution
		{DB722FAB-AF44-788C-E43F-BC8C7206FA5A}.Debug|Any CPU.ActiveCfg = Debug|Any CPU
		{DB722FAB-AF44-788C-E43F-BC8C7206FA5A}.Debug|Any CPU.Build.0 = Debug|Any CPU
		{DB722FAB-AF44-788C-E43F-BC8C7206FA5A}.Release|Any CPU.ActiveCfg = Release|Any CPU
		{DB722FAB-AF44-788C-E43F-BC8C7206FA5A}.Release|Any CPU.Build.0 = Release|Any CPU
		{360F1A6C-1F13-BF86-401A-55497F9BF563}.Debug|Any CPU.ActiveCfg = Debug|Any CPU
		{360F1A6C-1F13-BF86-401A-55497F9BF563}.Debug|Any CPU.Build.0 = Debug|Any CPU
		{360F1A6C-1F13-BF86-401A-55497F9BF563}.Release|Any CPU.ActiveCfg = Release|Any CPU
		{360F1A6C-1F13-BF86-401A-55497F9BF563}.Release|Any CPU.Build.0 = Release|Any CPU
		{4E2929E3-B47F-0347-B591-FE904B8BBECD}.Debug|Any CPU.ActiveCfg = Debug|Any CPU
		{4E2929E3-B47F-0347-B591-FE904B8BBECD}.Debug|Any CPU.Build.0 = Debug|Any CPU
		{4E2929E3-B47F-0347-B591-FE904B8BBECD}.Release|Any CPU.ActiveCfg = Release|Any CPU
		{4E2929E3-B47F-0347-B591-FE904B8BBECD}.Release|Any CPU.Build.0 = Release|Any CPU
	EndGlobalSection
	GlobalSection(SolutionProperties) = preSolution
		HideSolutionNode = FALSE
	EndGlobalSection
EndGlobal
